
Microsoft Visual Studio Solution File, Format Version 12.00
# Visual Studio Version 17
VisualStudioVersion = 17.1.32210.238
MinimumVisualStudioVersion = 10.0.40219.1
Project("{FAE04EC0-301F-11D3-BF4B-00C04F79EFBC}") = "Emby.Plugins.AniSearch", "Emby.Plugins.AniSearch\Emby.Plugins.AniSearch.csproj", "{6FF80910-7EED-49C1-9AC7-F37D62225E44}"
EndProject
Global
	GlobalSection(SolutionConfigurationPlatforms) = preSolution
		Debug|Any CPU = Debug|Any CPU
		Release|Any CPU = Release|Any CPU
	EndGlobalSection
	GlobalSection(ProjectConfigurationPlatforms) = postSolution
		{6FF80910-7EED-49C1-9AC7-F37D62225E44}.Debug|Any CPU.ActiveCfg = Debug|Any CPU
		{6FF80910-7EED-49C1-9AC7-F37D62225E44}.Debug|Any CPU.Build.0 = Debug|Any CPU
		{6FF80910-7EED-49C1-9AC7-F37D62225E44}.Release|Any CPU.ActiveCfg = Release|Any CPU
		{6FF80910-7EED-49C1-9AC7-F37D62225E44}.Release|Any CPU.Build.0 = Release|Any CPU
	EndGlobalSection
	GlobalSection(SolutionProperties) = preSolution
		HideSolutionNode = FALSE
	EndGlobalSection
	GlobalSection(ExtensibilityGlobals) = postSolution
		SolutionGuid = {F4701AE4-F148-4C06-B873-5B4B87B01D7E}
	EndGlobalSection
EndGlobal
